PODS:
  - Accengage-iOS-SDK (5.4.2)
  - Adjust (4.11.0):
    - Adjust/Core (= 4.11.0)
  - Adjust/Core (4.11.0)
  - AFNetworking (2.6.3):
    - AFNetworking/NSURLConnection (= 2.6.3)
    - AFNetworking/NSURLSession (= 2.6.3)
    - AFNetworking/Reachability (= 2.6.3)
    - AFNetworking/Security (= 2.6.3)
    - AFNetworking/Serialization (= 2.6.3)
    - AFNetworking/UIKit (= 2.6.3)
  - AFNetworking/NSURLConnection (2.6.3):
    - AFNetworking/Reachability
    - AFNetworking/Security
    - AFNetworking/Serialization
  - AFNetworking/NSURLSession (2.6.3):
    - AFNetworking/Reachability
    - AFNetworking/Security
    - AFNetworking/Serialization
  - AFNetworking/Reachability (2.6.3)
  - AFNetworking/Security (2.6.3)
  - AFNetworking/Serialization (2.6.3)
  - AFNetworking/UIKit (2.6.3):
    - AFNetworking/NSURLConnection
    - AFNetworking/NSURLSession
  - AlgoliaSearch-Client (3.7.0):
    - AFNetworking (~> 2.2)
  - BugSense (3.6)
  - Crashlytics (3.8.3):
    - Fabric (~> 1.6.3)
  - Fabric (1.6.11)
  - FXBlurView (1.6.4)
  - GoogleAnalytics (3.14.0)
  - GoogleAppIndexing (2.0.3)
  - GoogleTagManager (3.15.0):
    - GoogleAnalytics (= 3.14.0)
  - JBWhatsAppActivity (1.0)
  - NewRelicAgent (5.10.0)
  - SDWebImage (3.8.2):
    - SDWebImage/Core (= 3.8.2)
  - SDWebImage/Core (3.8.2)
  - TTRangeSlider (1.0.5)

DEPENDENCIES:
  - Accengage-iOS-SDK (~> 5.4.0)
  - Adjust (~> 4.11.0)
  - AlgoliaSearch-Client (~> 3.5)
  - BugSense (~> 3.6)
  - Crashlytics (~> 3.8.3)
  - Fabric (~> 1.6.11)
  - FXBlurView (~> 1.6.4)
  - GoogleAnalytics (= 3.14.0)
  - GoogleAppIndexing (~> 2.0.3)
  - GoogleTagManager (= 3.15.0)
  - JBWhatsAppActivity (~> 1.0)
  - NewRelicAgent (~> 5.10.0)
  - SDWebImage (~> 3.8)
  - TTRangeSlider (~> 1.0.5)

SPEC CHECKSUMS:
  Accengage-iOS-SDK: 97eadb712016eade23f8ec4873064a71974ddfbf
  Adjust: 87b3f066ea103f1dabfaa8e428a75b992bf7712e
  AFNetworking: cb8d14a848e831097108418f5d49217339d4eb60
  AlgoliaSearch-Client: 8a937017f9faad0eef7a2d43fdb695f7620de140
  BugSense: 778c28028810e114f21faade24d074ede7f9b467
  Crashlytics: 2b6dbe138a42395577cfa73dfa1aa7248cadf39e
  Fabric: 5911403591946b8228ab1c51d98f1d7137e863c6
  FXBlurView: db786c2561cb49a09ae98407f52460096ab8a44f
  GoogleAnalytics: 9be1afdb8deeac4bb5f13ca7f7d3b9db2a1f43dc
  GoogleAppIndexing: 176146164d14b30a403f5ba394fc2b51855025da
  GoogleTagManager: 39e4af1e9250e7817d328f690768e26afe560da0
  JBWhatsAppActivity: e1b4dcf1b967aaf714cc784b42fb49a110972e4a
  NewRelicAgent: 7ec88dea6b66aec073bbb5913062724369bf6aff
  SDWebImage: 098e97e6176540799c27e804c96653ee0833d13c
  TTRangeSlider: 2f2ce4a33b32bb323c6575b9f5161c4664459c58

PODFILE CHECKSUM: 82704ff14be46d8d389aa82bc0c10a15e661b839

COCOAPODS: 1.1.1
