PODS:
  - Adjust (4.11.4):
    - Adjust/Core (= 4.11.4)
  - Adjust/Core (4.11.4)
  - AFNetworking (2.6.3):
    - AFNetworking/NSURLConnection (= 2.6.3)
    - AFNetworking/NSURLSession (= 2.6.3)
    - AFNetworking/Reachability (= 2.6.3)
    - AFNetworking/Security (= 2.6.3)
    - AFNetworking/Serialization (= 2.6.3)
    - AFNetworking/UIKit (= 2.6.3)
  - AFNetworking/NSURLConnection (2.6.3):
    - AFNetworking/Reachability
    - AFNetworking/Security
    - AFNetworking/Serialization
  - AFNetworking/NSURLSession (2.6.3):
    - AFNetworking/Reachability
    - AFNetworking/Security
    - AFNetworking/Serialization
  - AFNetworking/Reachability (2.6.3)
  - AFNetworking/Security (2.6.3)
  - AFNetworking/Serialization (2.6.3)
  - AFNetworking/UIKit (2.6.3):
    - AFNetworking/NSURLConnection
    - AFNetworking/NSURLSession
  - Alamofire (4.4.0)
  - AlamofireObjectMapper (4.1.0):
    - Alamofire (~> 4.1)
    - ObjectMapper (~> 2.0)
  - AlgoliaSearch-Client (3.7.0):
    - AFNetworking (~> 2.2)
  - Crashlytics (3.8.4):
    - Fabric (~> 1.6.3)
  - EmarsysPredictSDK (1.0.32)
  - Fabric (1.6.11)
  - FXBlurView (1.6.4)
  - GoogleAnalytics (3.14.0)
  - GoogleAppIndexing (2.0.3)
  - GoogleTagManager (3.15.0):
    - GoogleAnalytics (= 3.14.0)
  - JBWhatsAppActivity (1.0)
  - JSONModel (1.7.0)
  - Kingfisher (3.9.1)
  - Masonry (1.0.2)
  - NewRelicAgent (5.10.1)
  - ObjectMapper (2.2.7)
  - Pushwoosh (5.3.0)
  - RAlertView (0.1.1):
    - Masonry
    - RGB
  - RGB (0.0.2)
  - SDWebImage (3.8.2):
    - SDWebImage/Core (= 3.8.2)
  - SDWebImage/Core (3.8.2)
  - SwiftyJSON (3.1.4)
  - TTRangeSlider (1.0.5)

DEPENDENCIES:
  - Adjust (~> 4.11.0)
  - Alamofire (~> 4.4)
  - AlamofireObjectMapper (~> 4.0)
  - AlgoliaSearch-Client
  - Crashlytics (~> 3.8)
  - EmarsysPredictSDK
  - Fabric
  - FXBlurView (~> 1.6.4)
  - GoogleAnalytics (= 3.14.0)
  - GoogleAppIndexing (~> 2.0.3)
  - GoogleTagManager (= 3.15.0)
  - JBWhatsAppActivity (~> 1.0)
  - JSONModel
  - Kingfisher (~> 3.0)
  - NewRelicAgent (~> 5.10.0)
  - ObjectMapper (~> 2.2)
  - Pushwoosh
  - RAlertView
  - SDWebImage (~> 3.8)
  - SwiftyJSON
  - TTRangeSlider (~> 1.0.5)

SPEC CHECKSUMS:
  Adjust: c3265d1c75916d727277aca22ac4b52072fc18d2
  AFNetworking: cb8d14a848e831097108418f5d49217339d4eb60
  Alamofire: dc44b1600b800eb63da6a19039a0083d62a6a62d
  AlamofireObjectMapper: 435adc82f5b367679bd9e71c4974a54efd0b2521
  AlgoliaSearch-Client: 8a937017f9faad0eef7a2d43fdb695f7620de140
  Crashlytics: 79e236942ca1e7fc641df1feb9a275360a78ab6a
  EmarsysPredictSDK: 8267726b1e8b3d5621a67d68b3c123060dde3639
  Fabric: 5911403591946b8228ab1c51d98f1d7137e863c6
  FXBlurView: db786c2561cb49a09ae98407f52460096ab8a44f
  GoogleAnalytics: 9be1afdb8deeac4bb5f13ca7f7d3b9db2a1f43dc
  GoogleAppIndexing: 176146164d14b30a403f5ba394fc2b51855025da
  GoogleTagManager: 39e4af1e9250e7817d328f690768e26afe560da0
  JBWhatsAppActivity: e1b4dcf1b967aaf714cc784b42fb49a110972e4a
  JSONModel: 840bc0fcffb24b8454d2c026bf26fea454b8e98d
  Kingfisher: 6729a0baaa458245bfb8cd5a1296c71c10d6eb6c
  Masonry: 7c429b56da9d4ee0bbb3ed77a5ea710d6a5df39e
  NewRelicAgent: d16c572a3355d3ff9a359a6677e946c7a75a8f76
  ObjectMapper: 65abcfd9a61cf7396cbd14a4fb22fddfcc46577e
  Pushwoosh: 4fafbc1d38ca5bc6237dbee3b02bbac7ddac593e
  RAlertView: b9996eb63ceb64c7d1879a1d1846af5e386a1808
  RGB: 21cf4b60ef3501c6b7cbb268a30045905dd90995
  SDWebImage: 098e97e6176540799c27e804c96653ee0833d13c
  SwiftyJSON: c2842d878f95482ffceec5709abc3d05680c0220
  TTRangeSlider: 2f2ce4a33b32bb323c6575b9f5161c4664459c58

PODFILE CHECKSUM: dda2872dfa4bca2416dcfb52847acda8a474c05a

COCOAPODS: 1.2.1
